
Microsoft Visual Studio Solution File, Format Version 12.00
# Visual Studio Version 17
VisualStudioVersion = 17.11.35303.130
MinimumVisualStudioVersion = 10.0.40219.1
Project("{9A19103F-16F7-4668-BE54-9A1E7A4F7556}") = "p3rpc.kotone.cutscenes", "p3rpc.kotone.cutscenes\p3rpc.kotone.cutscenes.csproj", "{2EA4845F-E8D4-4364-9902-B7DBB47E05DA}"
EndProject
Project("{9A19103F-16F7-4668-BE54-9A1E7A4F7556}") = "Ryo.Interfaces", "include\Ryo\Ryo.Interfaces\Ryo.Interfaces.csproj", "{988629C0-9612-47D5-82E0-0D98FA06D6FD}"
EndProject
Global
	GlobalSection(SolutionConfigurationPlatforms) = preSolution
		Debug|Any CPU = Debug|Any CPU
		Release|Any CPU = Release|Any CPU
	EndGlobalSection
	GlobalSection(ProjectConfigurationPlatforms) = postSolution
		{2EA4845F-E8D4-4364-9902-B7DBB47E05DA}.Debug|Any CPU.ActiveCfg = Debug|Any CPU
		{2EA4845F-E8D4-4364-9902-B7DBB47E05DA}.Debug|Any CPU.Build.0 = Debug|Any CPU
		{2EA4845F-E8D4-4364-9902-B7DBB47E05DA}.Release|Any CPU.ActiveCfg = Release|Any CPU
		{2EA4845F-E8D4-4364-9902-B7DBB47E05DA}.Release|Any CPU.Build.0 = Release|Any CPU
		{988629C0-9612-47D5-82E0-0D98FA06D6FD}.Debug|Any CPU.ActiveCfg = Debug|Any CPU
		{988629C0-9612-47D5-82E0-0D98FA06D6FD}.Debug|Any CPU.Build.0 = Debug|Any CPU
		{988629C0-9612-47D5-82E0-0D98FA06D6FD}.Release|Any CPU.ActiveCfg = Release|Any CPU
		{988629C0-9612-47D5-82E0-0D98FA06D6FD}.Release|Any CPU.Build.0 = Release|Any CPU
	EndGlobalSection
	GlobalSection(SolutionProperties) = preSolution
		HideSolutionNode = FALSE
	EndGlobalSection
	GlobalSection(ExtensibilityGlobals) = postSolution
		SolutionGuid = {1CF2E266-EF06-46F4-A723-39D7549B8175}
	EndGlobalSection
EndGlobal
